
Microsoft Visual Studio Solution File, Format Version 12.00
# Visual Studio Version 16
VisualStudioVersion = 16.0.30611.23
MinimumVisualStudioVersion = 10.0.40219.1
Project("{9A19103F-16F7-4668-BE54-9A1E7A4F7556}") = "GrpcService1", "GrpcService1\GrpcService1.csproj", "{79981895-3BA2-4104-BAC3-7AFC5DD8F086}"
EndProject
Global
	GlobalSection(SolutionConfigurationPlatforms) = preSolution
		Debug|Any CPU = Debug|Any CPU
		Release|Any CPU = Release|Any CPU
	EndGlobalSection
	GlobalSection(ProjectConfigurationPlatforms) = postSolution
		{79981895-3BA2-4104-BAC3-7AFC5DD8F086}.Debug|Any CPU.ActiveCfg = Debug|Any CPU
		{79981895-3BA2-4104-BAC3-7AFC5DD8F086}.Debug|Any CPU.Build.0 = Debug|Any CPU
		{79981895-3BA2-4104-BAC3-7AFC5DD8F086}.Release|Any CPU.ActiveCfg = Release|Any CPU
		{79981895-3BA2-4104-BAC3-7AFC5DD8F086}.Release|Any CPU.Build.0 = Release|Any CPU
	EndGlobalSection
	GlobalSection(SolutionProperties) = preSolution
		HideSolutionNode = FALSE
	EndGlobalSection
	GlobalSection(ExtensibilityGlobals) = postSolution
		SolutionGuid = {0488E822-8A13-4BA3-A3D1-D05CF65371F6}
	EndGlobalSection
EndGlobal
